{
  "name": "brainframe",
  "version": "0.0.1",
  "lockfileVersion": 3,
  "requires": true,
  "packages": {
    "": {
      "name": "brainframe",
      "version": "0.0.1",
      "license": "AGPL-3.0-or-later",
      "dependencies": {
        "baconjs": "^3.0.17",
        "nbb": "^1.2.189"
      }
    },
    "node_modules/baconjs": {
      "version": "3.0.17",
      "resolved": "https://registry.npmjs.org/baconjs/-/baconjs-3.0.17.tgz",
      "integrity": "sha512-XwhawE4gmO+NhMKZYmUSidk8ZjDhx5pfp9k/s5HM25S+k/YKajsakFOxbmUU1L9zbh1SarPbCobBuHhCMPFbCA==",
      "license": "MIT"
    },
    "node_modules/import-meta-resolve": {
      "version": "2.2.2",
      "resolved": "https://registry.npmjs.org/import-meta-resolve/-/import-meta-resolve-2.2.2.tgz",
      "integrity": "sha512-f8KcQ1D80V7RnqVm+/lirO9zkOxjGxhaTC1IPrBGd3MEfNgmNG67tSUO9gTi2F3Blr2Az6g1vocaxzkVnWl9MA==",
      "license": "MIT",
      "funding": {
        "type": "github",
        "url": "https://github.com/sponsors/wooorm"
      }
    },
    "node_modules/nbb": {
      "version": "1.2.189",
      "resolved": "https://registry.npmjs.org/nbb/-/nbb-1.2.189.tgz",
      "integrity": "sha512-hYvPzx+a8WTb4xx99vgeZ6iD80aWiGMwdP0GBBXhqAPdZG8ylk0sRDU05ayJynybxXyodyRwhU/XxkRlU3sZCQ==",
      "license": "EPL-1.0",
      "dependencies": {
        "import-meta-resolve": "^2.1.0"
      },
      "bin": {
        "nbb": "cli.js",
        "nbbun": "nbbun.js"
      }
    }
  }
}
